
Microsoft Visual Studio Solution File, Format Version 12.00
# Visual Studio 15
VisualStudioVersion = 15.0.28307.902
MinimumVisualStudioVersion = 10.0.40219.1
Project("{FAE04EC0-301F-11D3-BF4B-00C04F79EFBC}") = "prj40643133", "prj40643133\prj40643133.csproj", "{04CAA717-95A5-42AB-9665-E5359683D9B4}"
EndProject
Global
	GlobalSection(SolutionConfigurationPlatforms) = preSolution
		Debug|Any CPU = Debug|Any CPU
		Release|Any CPU = Release|Any CPU
	EndGlobalSection
	GlobalSection(ProjectConfigurationPlatforms) = postSolution
		{04CAA717-95A5-42AB-9665-E5359683D9B4}.Debug|Any CPU.ActiveCfg = Debug|Any CPU
		{04CAA717-95A5-42AB-9665-E5359683D9B4}.Debug|Any CPU.Build.0 = Debug|Any CPU
		{04CAA717-95A5-42AB-9665-E5359683D9B4}.Release|Any CPU.ActiveCfg = Release|Any CPU
		{04CAA717-95A5-42AB-9665-E5359683D9B4}.Release|Any CPU.Build.0 = Release|Any CPU
	EndGlobalSection
	GlobalSection(SolutionProperties) = preSolution
		HideSolutionNode = FALSE
	EndGlobalSection
	GlobalSection(ExtensibilityGlobals) = postSolution
		SolutionGuid = {81738A7E-BA2F-496A-A2CE-5C2145811FD1}
	EndGlobalSection
EndGlobal
